
Microsoft Visual Studio Solution File, Format Version 12.00
# Visual Studio Version 17
VisualStudioVersion = 17.3.32819.101
MinimumVisualStudioVersion = 10.0.40219.1
Project("{FAE04EC0-301F-11D3-BF4B-00C04F79EFBC}") = "ProjectLogin", "ProjectLogin\ProjectLogin.csproj", "{899E6C2F-B5E5-45E9-B099-DE74536D5B8F}"
EndProject
Global
	GlobalSection(SolutionConfigurationPlatforms) = preSolution
		Debug|Any CPU = Debug|Any CPU
		Release|Any CPU = Release|Any CPU
	EndGlobalSection
	GlobalSection(ProjectConfigurationPlatforms) = postSolution
		{899E6C2F-B5E5-45E9-B099-DE74536D5B8F}.Debug|Any CPU.ActiveCfg = Debug|Any CPU
		{899E6C2F-B5E5-45E9-B099-DE74536D5B8F}.Debug|Any CPU.Build.0 = Debug|Any CPU
		{899E6C2F-B5E5-45E9-B099-DE74536D5B8F}.Release|Any CPU.ActiveCfg = Release|Any CPU
		{899E6C2F-B5E5-45E9-B099-DE74536D5B8F}.Release|Any CPU.Build.0 = Release|Any CPU
	EndGlobalSection
	GlobalSection(SolutionProperties) = preSolution
		HideSolutionNode = FALSE
	EndGlobalSection
	GlobalSection(ExtensibilityGlobals) = postSolution
		SolutionGuid = {55BFE58C-60F3-4B51-94D3-2AB40C322B37}
	EndGlobalSection
EndGlobal
